
Microsoft Visual Studio Solution File, Format Version 12.00
# Visual Studio 2013
VisualStudioVersion = 12.0.31101.0
MinimumVisualStudioVersion = 10.0.40219.1
Project("{2150E333-8FDC-42A3-9474-1A3956D46DE8}") = "AudioRecorder", "AudioRecorder", "{828EE4E9-203F-40C9-8579-A2ED2E99308A}"
EndProject
Project("{D954291E-2A0B-460D-934E-DC6B0785DB48}") = "AudioRecorder.Shared", "AudioRecorder\AudioRecorder.Shared\AudioRecorder.Shared.shproj", "{497F529F-208A-40DB-B4B6-F1FCA4096A1C}"
EndProject
Project("{FAE04EC0-301F-11D3-BF4B-00C04F79EFBC}") = "AudioRecorder.Windows", "AudioRecorder\AudioRecorder.Windows\AudioRecorder.Windows.csproj", "{F26D172C-5E61-483C-A3FF-FBDBD15095A6}"
EndProject
Project("{FAE04EC0-301F-11D3-BF4B-00C04F79EFBC}") = "AudioRecorder.WindowsPhone", "AudioRecorder\AudioRecorder.WindowsPhone\AudioRecorder.WindowsPhone.csproj", "{9B3A6A9F-636B-45F7-A24C-13C6027C9079}"
EndProject
Global
	GlobalSection(SharedMSBuildProjectFiles) = preSolution
		AudioRecorder\AudioRecorder.Shared\AudioRecorder.Shared.projitems*{497f529f-208a-40db-b4b6-f1fca4096a1c}*SharedItemsImports = 13
		AudioRecorder\AudioRecorder.Shared\AudioRecorder.Shared.projitems*{9b3a6a9f-636b-45f7-a24c-13c6027c9079}*SharedItemsImports = 4
		AudioRecorder\AudioRecorder.Shared\AudioRecorder.Shared.projitems*{f26d172c-5e61-483c-a3ff-fbdbd15095a6}*SharedItemsImports = 4
	EndGlobalSection
	GlobalSection(SolutionConfigurationPlatforms) = preSolution
		Debug|Any CPU = Debug|Any CPU
		Debug|ARM = Debug|ARM
		Debug|x64 = Debug|x64
		Debug|x86 = Debug|x86
		Release|Any CPU = Release|Any CPU
		Release|ARM = Release|ARM
		Release|x64 = Release|x64
		Release|x86 = Release|x86
	EndGlobalSection
	GlobalSection(ProjectConfigurationPlatforms) = postSolution
		{F26D172C-5E61-483C-A3FF-FBDBD15095A6}.Debug|Any CPU.ActiveCfg = Debug|Any CPU
		{F26D172C-5E61-483C-A3FF-FBDBD15095A6}.Debug|Any CPU.Build.0 = Debug|Any CPU
		{F26D172C-5E61-483C-A3FF-FBDBD15095A6}.Debug|Any CPU.Deploy.0 = Debug|Any CPU
		{F26D172C-5E61-483C-A3FF-FBDBD15095A6}.Debug|ARM.ActiveCfg = Debug|ARM
		{F26D172C-5E61-483C-A3FF-FBDBD15095A6}.Debug|ARM.Build.0 = Debug|ARM
		{F26D172C-5E61-483C-A3FF-FBDBD15095A6}.Debug|ARM.Deploy.0 = Debug|ARM
		{F26D172C-5E61-483C-A3FF-FBDBD15095A6}.Debug|x64.ActiveCfg = Debug|x64
		{F26D172C-5E61-483C-A3FF-FBDBD15095A6}.Debug|x64.Build.0 = Debug|x64
		{F26D172C-5E61-483C-A3FF-FBDBD15095A6}.Debug|x64.Deploy.0 = Debug|x64
		{F26D172C-5E61-483C-A3FF-FBDBD15095A6}.Debug|x86.ActiveCfg = Debug|x86
		{F26D172C-5E61-483C-A3FF-FBDBD15095A6}.Debug|x86.Build.0 = Debug|x86
		{F26D172C-5E61-483C-A3FF-FBDBD15095A6}.Debug|x86.Deploy.0 = Debug|x86
		{F26D172C-5E61-483C-A3FF-FBDBD15095A6}.Release|Any CPU.ActiveCfg = Release|Any CPU
		{F26D172C-5E61-483C-A3FF-FBDBD15095A6}.Release|Any CPU.Build.0 = Release|Any CPU
		{F26D172C-5E61-483C-A3FF-FBDBD15095A6}.Release|Any CPU.Deploy.0 = Release|Any CPU
		{F26D172C-5E61-483C-A3FF-FBDBD15095A6}.Release|ARM.ActiveCfg = Release|ARM
		{F26D172C-5E61-483C-A3FF-FBDBD15095A6}.Release|ARM.Build.0 = Release|ARM
		{F26D172C-5E61-483C-A3FF-FBDBD15095A6}.Release|ARM.Deploy.0 = Release|ARM
		{F26D172C-5E61-483C-A3FF-FBDBD15095A6}.Release|x64.ActiveCfg = Release|x64
		{F26D172C-5E61-483C-A3FF-FBDBD15095A6}.Release|x64.Build.0 = Release|x64
		{F26D172C-5E61-483C-A3FF-FBDBD15095A6}.Release|x64.Deploy.0 = Release|x64
		{F26D172C-5E61-483C-A3FF-FBDBD15095A6}.Release|x86.ActiveCfg = Release|x86
		{F26D172C-5E61-483C-A3FF-FBDBD15095A6}.Release|x86.Build.0 = Release|x86
		{F26D172C-5E61-483C-A3FF-FBDBD15095A6}.Release|x86.Deploy.0 = Release|x86
		{9B3A6A9F-636B-45F7-A24C-13C6027C9079}.Debug|Any CPU.ActiveCfg = Debug|Any CPU
		{9B3A6A9F-636B-45F7-A24C-13C6027C9079}.Debug|Any CPU.Build.0 = Debug|Any CPU
		{9B3A6A9F-636B-45F7-A24C-13C6027C9079}.Debug|Any CPU.Deploy.0 = Debug|Any CPU
		{9B3A6A9F-636B-45F7-A24C-13C6027C9079}.Debug|ARM.ActiveCfg = Debug|ARM
		{9B3A6A9F-636B-45F7-A24C-13C6027C9079}.Debug|ARM.Build.0 = Debug|ARM
		{9B3A6A9F-636B-45F7-A24C-13C6027C9079}.Debug|ARM.Deploy.0 = Debug|ARM
		{9B3A6A9F-636B-45F7-A24C-13C6027C9079}.Debug|x64.ActiveCfg = Debug|Any CPU
		{9B3A6A9F-636B-45F7-A24C-13C6027C9079}.Debug|x86.ActiveCfg = Debug|x86
		{9B3A6A9F-636B-45F7-A24C-13C6027C9079}.Debug|x86.Build.0 = Debug|x86
		{9B3A6A9F-636B-45F7-A24C-13C6027C9079}.Debug|x86.Deploy.0 = Debug|x86
		{9B3A6A9F-636B-45F7-A24C-13C6027C9079}.Release|Any CPU.ActiveCfg = Release|Any CPU
		{9B3A6A9F-636B-45F7-A24C-13C6027C9079}.Release|Any CPU.Build.0 = Release|Any CPU
		{9B3A6A9F-636B-45F7-A24C-13C6027C9079}.Release|Any CPU.Deploy.0 = Release|Any CPU
		{9B3A6A9F-636B-45F7-A24C-13C6027C9079}.Release|ARM.ActiveCfg = Release|ARM
		{9B3A6A9F-636B-45F7-A24C-13C6027C9079}.Release|ARM.Build.0 = Release|ARM
		{9B3A6A9F-636B-45F7-A24C-13C6027C9079}.Release|ARM.Deploy.0 = Release|ARM
		{9B3A6A9F-636B-45F7-A24C-13C6027C9079}.Release|x64.ActiveCfg = Release|Any CPU
		{9B3A6A9F-636B-45F7-A24C-13C6027C9079}.Release|x86.ActiveCfg = Release|x86
		{9B3A6A9F-636B-45F7-A24C-13C6027C9079}.Release|x86.Build.0 = Release|x86
		{9B3A6A9F-636B-45F7-A24C-13C6027C9079}.Release|x86.Deploy.0 = Release|x86
	EndGlobalSection
	GlobalSection(SolutionProperties) = preSolution
		HideSolutionNode = FALSE
	EndGlobalSection
	GlobalSection(NestedProjects) = preSolution
		{497F529F-208A-40DB-B4B6-F1FCA4096A1C} = {828EE4E9-203F-40C9-8579-A2ED2E99308A}
		{F26D172C-5E61-483C-A3FF-FBDBD15095A6} = {828EE4E9-203F-40C9-8579-A2ED2E99308A}
		{9B3A6A9F-636B-45F7-A24C-13C6027C9079} = {828EE4E9-203F-40C9-8579-A2ED2E99308A}
	EndGlobalSection
EndGlobal
