
Microsoft Visual Studio Solution File, Format Version 12.00
# Visual Studio 2013
VisualStudioVersion = 12.0.31101.0
MinimumVisualStudioVersion = 10.0.40219.1
Project("{2150E333-8FDC-42A3-9474-1A3956D46DE8}") = "CarouselControl", "CarouselControl", "{769808C0-5D5B-47C8-8741-E3F58CE0A4E6}"
EndProject
Project("{D954291E-2A0B-460D-934E-DC6B0785DB48}") = "CarouselControl.Shared", "CarouselControl\CarouselControl.Shared\CarouselControl.Shared.shproj", "{EA1351FC-354D-4566-A53D-4876B9066E5E}"
EndProject
Project("{FAE04EC0-301F-11D3-BF4B-00C04F79EFBC}") = "CarouselControl.Windows", "CarouselControl\CarouselControl.Windows\CarouselControl.Windows.csproj", "{10AC22D9-BF23-484D-A3AD-DFECD2852D90}"
EndProject
Project("{FAE04EC0-301F-11D3-BF4B-00C04F79EFBC}") = "CarouselControl.WindowsPhone", "CarouselControl\CarouselControl.WindowsPhone\CarouselControl.WindowsPhone.csproj", "{E02FF4FB-DB29-4537-B27B-C04A7480EF9E}"
EndProject
Global
	GlobalSection(SharedMSBuildProjectFiles) = preSolution
		CarouselControl\CarouselControl.Shared\CarouselControl.Shared.projitems*{ea1351fc-354d-4566-a53d-4876b9066e5e}*SharedItemsImports = 13
		CarouselControl\CarouselControl.Shared\CarouselControl.Shared.projitems*{e02ff4fb-db29-4537-b27b-c04a7480ef9e}*SharedItemsImports = 4
		CarouselControl\CarouselControl.Shared\CarouselControl.Shared.projitems*{10ac22d9-bf23-484d-a3ad-dfecd2852d90}*SharedItemsImports = 4
	EndGlobalSection
	GlobalSection(SolutionConfigurationPlatforms) = preSolution
		Debug|Any CPU = Debug|Any CPU
		Debug|ARM = Debug|ARM
		Debug|x64 = Debug|x64
		Debug|x86 = Debug|x86
		Release|Any CPU = Release|Any CPU
		Release|ARM = Release|ARM
		Release|x64 = Release|x64
		Release|x86 = Release|x86
	EndGlobalSection
	GlobalSection(ProjectConfigurationPlatforms) = postSolution
		{10AC22D9-BF23-484D-A3AD-DFECD2852D90}.Debug|Any CPU.ActiveCfg = Debug|Any CPU
		{10AC22D9-BF23-484D-A3AD-DFECD2852D90}.Debug|Any CPU.Build.0 = Debug|Any CPU
		{10AC22D9-BF23-484D-A3AD-DFECD2852D90}.Debug|Any CPU.Deploy.0 = Debug|Any CPU
		{10AC22D9-BF23-484D-A3AD-DFECD2852D90}.Debug|ARM.ActiveCfg = Debug|ARM
		{10AC22D9-BF23-484D-A3AD-DFECD2852D90}.Debug|ARM.Build.0 = Debug|ARM
		{10AC22D9-BF23-484D-A3AD-DFECD2852D90}.Debug|ARM.Deploy.0 = Debug|ARM
		{10AC22D9-BF23-484D-A3AD-DFECD2852D90}.Debug|x64.ActiveCfg = Debug|x64
		{10AC22D9-BF23-484D-A3AD-DFECD2852D90}.Debug|x64.Build.0 = Debug|x64
		{10AC22D9-BF23-484D-A3AD-DFECD2852D90}.Debug|x64.Deploy.0 = Debug|x64
		{10AC22D9-BF23-484D-A3AD-DFECD2852D90}.Debug|x86.ActiveCfg = Debug|x86
		{10AC22D9-BF23-484D-A3AD-DFECD2852D90}.Debug|x86.Build.0 = Debug|x86
		{10AC22D9-BF23-484D-A3AD-DFECD2852D90}.Debug|x86.Deploy.0 = Debug|x86
		{10AC22D9-BF23-484D-A3AD-DFECD2852D90}.Release|Any CPU.ActiveCfg = Release|Any CPU
		{10AC22D9-BF23-484D-A3AD-DFECD2852D90}.Release|Any CPU.Build.0 = Release|Any CPU
		{10AC22D9-BF23-484D-A3AD-DFECD2852D90}.Release|Any CPU.Deploy.0 = Release|Any CPU
		{10AC22D9-BF23-484D-A3AD-DFECD2852D90}.Release|ARM.ActiveCfg = Release|ARM
		{10AC22D9-BF23-484D-A3AD-DFECD2852D90}.Release|ARM.Build.0 = Release|ARM
		{10AC22D9-BF23-484D-A3AD-DFECD2852D90}.Release|ARM.Deploy.0 = Release|ARM
		{10AC22D9-BF23-484D-A3AD-DFECD2852D90}.Release|x64.ActiveCfg = Release|x64
		{10AC22D9-BF23-484D-A3AD-DFECD2852D90}.Release|x64.Build.0 = Release|x64
		{10AC22D9-BF23-484D-A3AD-DFECD2852D90}.Release|x64.Deploy.0 = Release|x64
		{10AC22D9-BF23-484D-A3AD-DFECD2852D90}.Release|x86.ActiveCfg = Release|x86
		{10AC22D9-BF23-484D-A3AD-DFECD2852D90}.Release|x86.Build.0 = Release|x86
		{10AC22D9-BF23-484D-A3AD-DFECD2852D90}.Release|x86.Deploy.0 = Release|x86
		{E02FF4FB-DB29-4537-B27B-C04A7480EF9E}.Debug|Any CPU.ActiveCfg = Debug|Any CPU
		{E02FF4FB-DB29-4537-B27B-C04A7480EF9E}.Debug|Any CPU.Build.0 = Debug|Any CPU
		{E02FF4FB-DB29-4537-B27B-C04A7480EF9E}.Debug|Any CPU.Deploy.0 = Debug|Any CPU
		{E02FF4FB-DB29-4537-B27B-C04A7480EF9E}.Debug|ARM.ActiveCfg = Debug|ARM
		{E02FF4FB-DB29-4537-B27B-C04A7480EF9E}.Debug|ARM.Build.0 = Debug|ARM
		{E02FF4FB-DB29-4537-B27B-C04A7480EF9E}.Debug|ARM.Deploy.0 = Debug|ARM
		{E02FF4FB-DB29-4537-B27B-C04A7480EF9E}.Debug|x64.ActiveCfg = Debug|Any CPU
		{E02FF4FB-DB29-4537-B27B-C04A7480EF9E}.Debug|x86.ActiveCfg = Debug|x86
		{E02FF4FB-DB29-4537-B27B-C04A7480EF9E}.Debug|x86.Build.0 = Debug|x86
		{E02FF4FB-DB29-4537-B27B-C04A7480EF9E}.Debug|x86.Deploy.0 = Debug|x86
		{E02FF4FB-DB29-4537-B27B-C04A7480EF9E}.Release|Any CPU.ActiveCfg = Release|Any CPU
		{E02FF4FB-DB29-4537-B27B-C04A7480EF9E}.Release|Any CPU.Build.0 = Release|Any CPU
		{E02FF4FB-DB29-4537-B27B-C04A7480EF9E}.Release|Any CPU.Deploy.0 = Release|Any CPU
		{E02FF4FB-DB29-4537-B27B-C04A7480EF9E}.Release|ARM.ActiveCfg = Release|ARM
		{E02FF4FB-DB29-4537-B27B-C04A7480EF9E}.Release|ARM.Build.0 = Release|ARM
		{E02FF4FB-DB29-4537-B27B-C04A7480EF9E}.Release|ARM.Deploy.0 = Release|ARM
		{E02FF4FB-DB29-4537-B27B-C04A7480EF9E}.Release|x64.ActiveCfg = Release|Any CPU
		{E02FF4FB-DB29-4537-B27B-C04A7480EF9E}.Release|x86.ActiveCfg = Release|x86
		{E02FF4FB-DB29-4537-B27B-C04A7480EF9E}.Release|x86.Build.0 = Release|x86
		{E02FF4FB-DB29-4537-B27B-C04A7480EF9E}.Release|x86.Deploy.0 = Release|x86
	EndGlobalSection
	GlobalSection(SolutionProperties) = preSolution
		HideSolutionNode = FALSE
	EndGlobalSection
	GlobalSection(NestedProjects) = preSolution
		{EA1351FC-354D-4566-A53D-4876B9066E5E} = {769808C0-5D5B-47C8-8741-E3F58CE0A4E6}
		{10AC22D9-BF23-484D-A3AD-DFECD2852D90} = {769808C0-5D5B-47C8-8741-E3F58CE0A4E6}
		{E02FF4FB-DB29-4537-B27B-C04A7480EF9E} = {769808C0-5D5B-47C8-8741-E3F58CE0A4E6}
	EndGlobalSection
EndGlobal
