
Microsoft Visual Studio Solution File, Format Version 12.00
# Visual Studio 2013
VisualStudioVersion = 12.0.31101.0
MinimumVisualStudioVersion = 10.0.40219.1
Project("{2150E333-8FDC-42A3-9474-1A3956D46DE8}") = "ClockControl", "ClockControl", "{B09F434E-19DB-4367-B16F-4C25E7D18B07}"
EndProject
Project("{D954291E-2A0B-460D-934E-DC6B0785DB48}") = "ClockControl.Shared", "ClockControl\ClockControl.Shared\ClockControl.Shared.shproj", "{2BBBD63C-CA38-4833-BFBD-2E8995F87B35}"
EndProject
Project("{FAE04EC0-301F-11D3-BF4B-00C04F79EFBC}") = "ClockControl.Windows", "ClockControl\ClockControl.Windows\ClockControl.Windows.csproj", "{BDEEFBC8-168A-4516-A38A-6C4A96B53C89}"
EndProject
Project("{FAE04EC0-301F-11D3-BF4B-00C04F79EFBC}") = "ClockControl.WindowsPhone", "ClockControl\ClockControl.WindowsPhone\ClockControl.WindowsPhone.csproj", "{89D057AD-3177-410D-82FA-05EF1DB0B8D4}"
EndProject
Global
	GlobalSection(SharedMSBuildProjectFiles) = preSolution
		ClockControl\ClockControl.Shared\ClockControl.Shared.projitems*{89d057ad-3177-410d-82fa-05ef1db0b8d4}*SharedItemsImports = 4
		ClockControl\ClockControl.Shared\ClockControl.Shared.projitems*{bdeefbc8-168a-4516-a38a-6c4a96b53c89}*SharedItemsImports = 4
		ClockControl\ClockControl.Shared\ClockControl.Shared.projitems*{2bbbd63c-ca38-4833-bfbd-2e8995f87b35}*SharedItemsImports = 13
	EndGlobalSection
	GlobalSection(SolutionConfigurationPlatforms) = preSolution
		Debug|Any CPU = Debug|Any CPU
		Debug|ARM = Debug|ARM
		Debug|x64 = Debug|x64
		Debug|x86 = Debug|x86
		Release|Any CPU = Release|Any CPU
		Release|ARM = Release|ARM
		Release|x64 = Release|x64
		Release|x86 = Release|x86
	EndGlobalSection
	GlobalSection(ProjectConfigurationPlatforms) = postSolution
		{BDEEFBC8-168A-4516-A38A-6C4A96B53C89}.Debug|Any CPU.ActiveCfg = Debug|Any CPU
		{BDEEFBC8-168A-4516-A38A-6C4A96B53C89}.Debug|Any CPU.Build.0 = Debug|Any CPU
		{BDEEFBC8-168A-4516-A38A-6C4A96B53C89}.Debug|Any CPU.Deploy.0 = Debug|Any CPU
		{BDEEFBC8-168A-4516-A38A-6C4A96B53C89}.Debug|ARM.ActiveCfg = Debug|ARM
		{BDEEFBC8-168A-4516-A38A-6C4A96B53C89}.Debug|ARM.Build.0 = Debug|ARM
		{BDEEFBC8-168A-4516-A38A-6C4A96B53C89}.Debug|ARM.Deploy.0 = Debug|ARM
		{BDEEFBC8-168A-4516-A38A-6C4A96B53C89}.Debug|x64.ActiveCfg = Debug|x64
		{BDEEFBC8-168A-4516-A38A-6C4A96B53C89}.Debug|x64.Build.0 = Debug|x64
		{BDEEFBC8-168A-4516-A38A-6C4A96B53C89}.Debug|x64.Deploy.0 = Debug|x64
		{BDEEFBC8-168A-4516-A38A-6C4A96B53C89}.Debug|x86.ActiveCfg = Debug|x86
		{BDEEFBC8-168A-4516-A38A-6C4A96B53C89}.Debug|x86.Build.0 = Debug|x86
		{BDEEFBC8-168A-4516-A38A-6C4A96B53C89}.Debug|x86.Deploy.0 = Debug|x86
		{BDEEFBC8-168A-4516-A38A-6C4A96B53C89}.Release|Any CPU.ActiveCfg = Release|Any CPU
		{BDEEFBC8-168A-4516-A38A-6C4A96B53C89}.Release|Any CPU.Build.0 = Release|Any CPU
		{BDEEFBC8-168A-4516-A38A-6C4A96B53C89}.Release|Any CPU.Deploy.0 = Release|Any CPU
		{BDEEFBC8-168A-4516-A38A-6C4A96B53C89}.Release|ARM.ActiveCfg = Release|ARM
		{BDEEFBC8-168A-4516-A38A-6C4A96B53C89}.Release|ARM.Build.0 = Release|ARM
		{BDEEFBC8-168A-4516-A38A-6C4A96B53C89}.Release|ARM.Deploy.0 = Release|ARM
		{BDEEFBC8-168A-4516-A38A-6C4A96B53C89}.Release|x64.ActiveCfg = Release|x64
		{BDEEFBC8-168A-4516-A38A-6C4A96B53C89}.Release|x64.Build.0 = Release|x64
		{BDEEFBC8-168A-4516-A38A-6C4A96B53C89}.Release|x64.Deploy.0 = Release|x64
		{BDEEFBC8-168A-4516-A38A-6C4A96B53C89}.Release|x86.ActiveCfg = Release|x86
		{BDEEFBC8-168A-4516-A38A-6C4A96B53C89}.Release|x86.Build.0 = Release|x86
		{BDEEFBC8-168A-4516-A38A-6C4A96B53C89}.Release|x86.Deploy.0 = Release|x86
		{89D057AD-3177-410D-82FA-05EF1DB0B8D4}.Debug|Any CPU.ActiveCfg = Debug|Any CPU
		{89D057AD-3177-410D-82FA-05EF1DB0B8D4}.Debug|Any CPU.Build.0 = Debug|Any CPU
		{89D057AD-3177-410D-82FA-05EF1DB0B8D4}.Debug|Any CPU.Deploy.0 = Debug|Any CPU
		{89D057AD-3177-410D-82FA-05EF1DB0B8D4}.Debug|ARM.ActiveCfg = Debug|ARM
		{89D057AD-3177-410D-82FA-05EF1DB0B8D4}.Debug|ARM.Build.0 = Debug|ARM
		{89D057AD-3177-410D-82FA-05EF1DB0B8D4}.Debug|ARM.Deploy.0 = Debug|ARM
		{89D057AD-3177-410D-82FA-05EF1DB0B8D4}.Debug|x64.ActiveCfg = Debug|Any CPU
		{89D057AD-3177-410D-82FA-05EF1DB0B8D4}.Debug|x86.ActiveCfg = Debug|x86
		{89D057AD-3177-410D-82FA-05EF1DB0B8D4}.Debug|x86.Build.0 = Debug|x86
		{89D057AD-3177-410D-82FA-05EF1DB0B8D4}.Debug|x86.Deploy.0 = Debug|x86
		{89D057AD-3177-410D-82FA-05EF1DB0B8D4}.Release|Any CPU.ActiveCfg = Release|Any CPU
		{89D057AD-3177-410D-82FA-05EF1DB0B8D4}.Release|Any CPU.Build.0 = Release|Any CPU
		{89D057AD-3177-410D-82FA-05EF1DB0B8D4}.Release|Any CPU.Deploy.0 = Release|Any CPU
		{89D057AD-3177-410D-82FA-05EF1DB0B8D4}.Release|ARM.ActiveCfg = Release|ARM
		{89D057AD-3177-410D-82FA-05EF1DB0B8D4}.Release|ARM.Build.0 = Release|ARM
		{89D057AD-3177-410D-82FA-05EF1DB0B8D4}.Release|ARM.Deploy.0 = Release|ARM
		{89D057AD-3177-410D-82FA-05EF1DB0B8D4}.Release|x64.ActiveCfg = Release|Any CPU
		{89D057AD-3177-410D-82FA-05EF1DB0B8D4}.Release|x86.ActiveCfg = Release|x86
		{89D057AD-3177-410D-82FA-05EF1DB0B8D4}.Release|x86.Build.0 = Release|x86
		{89D057AD-3177-410D-82FA-05EF1DB0B8D4}.Release|x86.Deploy.0 = Release|x86
	EndGlobalSection
	GlobalSection(SolutionProperties) = preSolution
		HideSolutionNode = FALSE
	EndGlobalSection
	GlobalSection(NestedProjects) = preSolution
		{2BBBD63C-CA38-4833-BFBD-2E8995F87B35} = {B09F434E-19DB-4367-B16F-4C25E7D18B07}
		{BDEEFBC8-168A-4516-A38A-6C4A96B53C89} = {B09F434E-19DB-4367-B16F-4C25E7D18B07}
		{89D057AD-3177-410D-82FA-05EF1DB0B8D4} = {B09F434E-19DB-4367-B16F-4C25E7D18B07}
	EndGlobalSection
EndGlobal
